
Microsoft Visual Studio Solution File, Format Version 12.00
Project("{FAE04EC0-301F-11D3-BF4B-00C04F79EFBC}") = "GalagaGame", "GalagaGame\GalagaGame.csproj", "{5FA98A15-FA5A-4308-9B51-7D1752E1B852}"
EndProject
Global
	GlobalSection(SolutionConfigurationPlatforms) = preSolution
		Debug|Any CPU = Debug|Any CPU
		Release|Any CPU = Release|Any CPU
	EndGlobalSection
	GlobalSection(ProjectConfigurationPlatforms) = postSolution
		{5FA98A15-FA5A-4308-9B51-7D1752E1B852}.Debug|Any CPU.ActiveCfg = Debug|Any CPU
		{5FA98A15-FA5A-4308-9B51-7D1752E1B852}.Debug|Any CPU.Build.0 = Debug|Any CPU
		{5FA98A15-FA5A-4308-9B51-7D1752E1B852}.Release|Any CPU.ActiveCfg = Release|Any CPU
		{5FA98A15-FA5A-4308-9B51-7D1752E1B852}.Release|Any CPU.Build.0 = Release|Any CPU
	EndGlobalSection
EndGlobal
